
Microsoft Visual Studio Solution File, Format Version 12.00
# Visual Studio Version 16
VisualStudioVersion = 16.0.30204.135
MinimumVisualStudioVersion = 10.0.40219.1
Project("{2150E333-8FDC-42A3-9474-1A3956D46DE8}") = "src", "src", "{741966D8-FED8-4006-BF05-8B6AC136BC36}"
EndProject
Project("{9A19103F-16F7-4668-BE54-9A1E7A4F7556}") = "MAVN.Persistence.Abstractions", "src\MAVN.Persistence.Abstractions\MAVN.Persistence.Abstractions.csproj", "{E0F2EB8E-1C9C-4C03-BA51-00397DF128B2}"
EndProject
Project("{9A19103F-16F7-4668-BE54-9A1E7A4F7556}") = "MAVN.Persistence.MongoDB", "src\MAVN.Persistence.MongoDB\MAVN.Persistence.MongoDB.csproj", "{31948D26-6F74-494B-9040-EC12474B1049}"
EndProject
Project("{9A19103F-16F7-4668-BE54-9A1E7A4F7556}") = "MAVN.Persistence.PostgreSQL.Legacy", "src\MAVN.Persistence.PostgreSQL.Legacy\MAVN.Persistence.PostgreSQL.Legacy.csproj", "{99FC1EFE-4591-413B-A516-662880F3EC34}"
EndProject
Project("{9A19103F-16F7-4668-BE54-9A1E7A4F7556}") = "MAVN.Persistence.EntityFrameworkCore", "src\MAVN.Persistence.EntityFrameworkCore\MAVN.Persistence.EntityFrameworkCore.csproj", "{14D08D41-192F-4BBE-8A18-3DD95E92BA79}"
EndProject
Project("{9A19103F-16F7-4668-BE54-9A1E7A4F7556}") = "MAVN.Persistence.EntityFrameworkCore.Configuration", "src\MAVN.Persistence.EntityFrameworkCore.Configuration\MAVN.Persistence.EntityFrameworkCore.Configuration.csproj", "{496715A5-902B-4118-9670-D5513B9A7FA1}"
EndProject
Project("{9A19103F-16F7-4668-BE54-9A1E7A4F7556}") = "MAVN.Persistence.EntityFrameworkCore.PostgreSql", "src\MAVN.Persistence.EntityFrameworkCore.PostgreSql\MAVN.Persistence.EntityFrameworkCore.PostgreSql.csproj", "{08211451-E2FE-4E39-83B1-9979B5E38D38}"
EndProject
Project("{9A19103F-16F7-4668-BE54-9A1E7A4F7556}") = "MAVN.Persistence.EntityFrameworkCore.MsSql", "src\MAVN.Persistence.EntityFrameworkCore.MsSql\MAVN.Persistence.EntityFrameworkCore.MsSql.csproj", "{B57557EC-3784-43EF-8687-F4B31A44F3D9}"
EndProject
Project("{9A19103F-16F7-4668-BE54-9A1E7A4F7556}") = "MAVN.Persistence.EntityFrameworkCore.InMemory", "src\MAVN.Persistence.EntityFrameworkCore.InMemory\MAVN.Persistence.EntityFrameworkCore.InMemory.csproj", "{C0F66CBF-BE12-449B-AA83-65C961F4B603}"
EndProject
Project("{2150E333-8FDC-42A3-9474-1A3956D46DE8}") = "tests", "tests", "{C1F0D4AF-86D1-4CEC-AC06-76C98950F93B}"
EndProject
Project("{9A19103F-16F7-4668-BE54-9A1E7A4F7556}") = "MAVN.Persistence.EntityFrameworkCore.Tests", "tests\MAVN.Persistence.EntityFrameworkCore.Tests\MAVN.Persistence.EntityFrameworkCore.Tests.csproj", "{C74E62EB-F029-4E65-B664-54B5F612F800}"
EndProject
Project("{FAE04EC0-301F-11D3-BF4B-00C04F79EFBC}") = "MAVN.Persistence.EntityFrameworkCore.MySql", "src\MAVN.Persistence.EntityFrameworkCore.MySql\MAVN.Persistence.EntityFrameworkCore.MySql.csproj", "{D35E6321-23F3-428B-9D9D-A378E103700A}"
EndProject
Global
	GlobalSection(SolutionConfigurationPlatforms) = preSolution
		Debug|Any CPU = Debug|Any CPU
		Release|Any CPU = Release|Any CPU
	EndGlobalSection
	GlobalSection(ProjectConfigurationPlatforms) = postSolution
		{E0F2EB8E-1C9C-4C03-BA51-00397DF128B2}.Debug|Any CPU.ActiveCfg = Debug|Any CPU
		{E0F2EB8E-1C9C-4C03-BA51-00397DF128B2}.Debug|Any CPU.Build.0 = Debug|Any CPU
		{E0F2EB8E-1C9C-4C03-BA51-00397DF128B2}.Release|Any CPU.ActiveCfg = Release|Any CPU
		{E0F2EB8E-1C9C-4C03-BA51-00397DF128B2}.Release|Any CPU.Build.0 = Release|Any CPU
		{31948D26-6F74-494B-9040-EC12474B1049}.Debug|Any CPU.ActiveCfg = Debug|Any CPU
		{31948D26-6F74-494B-9040-EC12474B1049}.Debug|Any CPU.Build.0 = Debug|Any CPU
		{31948D26-6F74-494B-9040-EC12474B1049}.Release|Any CPU.ActiveCfg = Release|Any CPU
		{31948D26-6F74-494B-9040-EC12474B1049}.Release|Any CPU.Build.0 = Release|Any CPU
		{99FC1EFE-4591-413B-A516-662880F3EC34}.Debug|Any CPU.ActiveCfg = Debug|Any CPU
		{99FC1EFE-4591-413B-A516-662880F3EC34}.Debug|Any CPU.Build.0 = Debug|Any CPU
		{99FC1EFE-4591-413B-A516-662880F3EC34}.Release|Any CPU.ActiveCfg = Release|Any CPU
		{99FC1EFE-4591-413B-A516-662880F3EC34}.Release|Any CPU.Build.0 = Release|Any CPU
		{14D08D41-192F-4BBE-8A18-3DD95E92BA79}.Debug|Any CPU.ActiveCfg = Debug|Any CPU
		{14D08D41-192F-4BBE-8A18-3DD95E92BA79}.Debug|Any CPU.Build.0 = Debug|Any CPU
		{14D08D41-192F-4BBE-8A18-3DD95E92BA79}.Release|Any CPU.ActiveCfg = Release|Any CPU
		{14D08D41-192F-4BBE-8A18-3DD95E92BA79}.Release|Any CPU.Build.0 = Release|Any CPU
		{496715A5-902B-4118-9670-D5513B9A7FA1}.Debug|Any CPU.ActiveCfg = Debug|Any CPU
		{496715A5-902B-4118-9670-D5513B9A7FA1}.Debug|Any CPU.Build.0 = Debug|Any CPU
		{496715A5-902B-4118-9670-D5513B9A7FA1}.Release|Any CPU.ActiveCfg = Release|Any CPU
		{496715A5-902B-4118-9670-D5513B9A7FA1}.Release|Any CPU.Build.0 = Release|Any CPU
		{08211451-E2FE-4E39-83B1-9979B5E38D38}.Debug|Any CPU.ActiveCfg = Debug|Any CPU
		{08211451-E2FE-4E39-83B1-9979B5E38D38}.Debug|Any CPU.Build.0 = Debug|Any CPU
		{08211451-E2FE-4E39-83B1-9979B5E38D38}.Release|Any CPU.ActiveCfg = Release|Any CPU
		{08211451-E2FE-4E39-83B1-9979B5E38D38}.Release|Any CPU.Build.0 = Release|Any CPU
		{B57557EC-3784-43EF-8687-F4B31A44F3D9}.Debug|Any CPU.ActiveCfg = Debug|Any CPU
		{B57557EC-3784-43EF-8687-F4B31A44F3D9}.Debug|Any CPU.Build.0 = Debug|Any CPU
		{B57557EC-3784-43EF-8687-F4B31A44F3D9}.Release|Any CPU.ActiveCfg = Release|Any CPU
		{B57557EC-3784-43EF-8687-F4B31A44F3D9}.Release|Any CPU.Build.0 = Release|Any CPU
		{C0F66CBF-BE12-449B-AA83-65C961F4B603}.Debug|Any CPU.ActiveCfg = Debug|Any CPU
		{C0F66CBF-BE12-449B-AA83-65C961F4B603}.Debug|Any CPU.Build.0 = Debug|Any CPU
		{C0F66CBF-BE12-449B-AA83-65C961F4B603}.Release|Any CPU.ActiveCfg = Release|Any CPU
		{C0F66CBF-BE12-449B-AA83-65C961F4B603}.Release|Any CPU.Build.0 = Release|Any CPU
		{C74E62EB-F029-4E65-B664-54B5F612F800}.Debug|Any CPU.ActiveCfg = Debug|Any CPU
		{C74E62EB-F029-4E65-B664-54B5F612F800}.Debug|Any CPU.Build.0 = Debug|Any CPU
		{C74E62EB-F029-4E65-B664-54B5F612F800}.Release|Any CPU.ActiveCfg = Release|Any CPU
		{C74E62EB-F029-4E65-B664-54B5F612F800}.Release|Any CPU.Build.0 = Release|Any CPU
		{D35E6321-23F3-428B-9D9D-A378E103700A}.Debug|Any CPU.ActiveCfg = Debug|Any CPU
		{D35E6321-23F3-428B-9D9D-A378E103700A}.Debug|Any CPU.Build.0 = Debug|Any CPU
		{D35E6321-23F3-428B-9D9D-A378E103700A}.Release|Any CPU.ActiveCfg = Release|Any CPU
		{D35E6321-23F3-428B-9D9D-A378E103700A}.Release|Any CPU.Build.0 = Release|Any CPU
	EndGlobalSection
	GlobalSection(SolutionProperties) = preSolution
		HideSolutionNode = FALSE
	EndGlobalSection
	GlobalSection(NestedProjects) = preSolution
		{E0F2EB8E-1C9C-4C03-BA51-00397DF128B2} = {741966D8-FED8-4006-BF05-8B6AC136BC36}
		{31948D26-6F74-494B-9040-EC12474B1049} = {741966D8-FED8-4006-BF05-8B6AC136BC36}
		{99FC1EFE-4591-413B-A516-662880F3EC34} = {741966D8-FED8-4006-BF05-8B6AC136BC36}
		{14D08D41-192F-4BBE-8A18-3DD95E92BA79} = {741966D8-FED8-4006-BF05-8B6AC136BC36}
		{496715A5-902B-4118-9670-D5513B9A7FA1} = {741966D8-FED8-4006-BF05-8B6AC136BC36}
		{08211451-E2FE-4E39-83B1-9979B5E38D38} = {741966D8-FED8-4006-BF05-8B6AC136BC36}
		{B57557EC-3784-43EF-8687-F4B31A44F3D9} = {741966D8-FED8-4006-BF05-8B6AC136BC36}
		{C0F66CBF-BE12-449B-AA83-65C961F4B603} = {741966D8-FED8-4006-BF05-8B6AC136BC36}
		{C74E62EB-F029-4E65-B664-54B5F612F800} = {C1F0D4AF-86D1-4CEC-AC06-76C98950F93B}
		{D35E6321-23F3-428B-9D9D-A378E103700A} = {741966D8-FED8-4006-BF05-8B6AC136BC36}
	EndGlobalSection
	GlobalSection(ExtensibilityGlobals) = postSolution
		SolutionGuid = {94172965-F030-4614-BED7-C9479A0943C3}
	EndGlobalSection
EndGlobal
